
Microsoft Visual Studio Solution File, Format Version 12.00
# Visual Studio Version 17
VisualStudioVersion = 17.2.32526.322
MinimumVisualStudioVersion = 10.0.40219.1
Project("{FAE04EC0-301F-11D3-BF4B-00C04F79EFBC}") = "greaterNumber", "greaterNumber\greaterNumber.csproj", "{BB4F6C6F-E35A-4A3B-8D44-D56852D26D6E}"
EndProject
Project("{FAE04EC0-301F-11D3-BF4B-00C04F79EFBC}") = "evenOrOdd", "evenOrOdd\evenOrOdd.csproj", "{FEB58E17-C18F-47B7-82AF-20ABAD7A3BEA}"
EndProject
Project("{FAE04EC0-301F-11D3-BF4B-00C04F79EFBC}") = "checkPassword", "checkPassword\checkPassword.csproj", "{49B3B0E2-7812-42FD-B4D4-3B3AD8A83324}"
EndProject
Project("{FAE04EC0-301F-11D3-BF4B-00C04F79EFBC}") = "numberFrom100To200", "numberFrom100To200\numberFrom100To200.csproj", "{72FBE612-F358-4D7A-A704-4248C0F30DF2}"
EndProject
Project("{FAE04EC0-301F-11D3-BF4B-00C04F79EFBC}") = "speedInfo", "speedInfo\speedInfo.csproj", "{A112B94C-5F39-4C83-BBBE-5DCE62FD7F79}"
EndProject
Project("{FAE04EC0-301F-11D3-BF4B-00C04F79EFBC}") = "areaOfFigures", "areaOfFigures\areaOfFigures.csproj", "{C1D06FA6-9A74-4DD8-BB16-9FED7C4D83B2}"
EndProject
Global
	GlobalSection(SolutionConfigurationPlatforms) = preSolution
		Debug|Any CPU = Debug|Any CPU
		Release|Any CPU = Release|Any CPU
	EndGlobalSection
	GlobalSection(ProjectConfigurationPlatforms) = postSolution
		{BB4F6C6F-E35A-4A3B-8D44-D56852D26D6E}.Debug|Any CPU.ActiveCfg = Debug|Any CPU
		{BB4F6C6F-E35A-4A3B-8D44-D56852D26D6E}.Debug|Any CPU.Build.0 = Debug|Any CPU
		{BB4F6C6F-E35A-4A3B-8D44-D56852D26D6E}.Release|Any CPU.ActiveCfg = Release|Any CPU
		{BB4F6C6F-E35A-4A3B-8D44-D56852D26D6E}.Release|Any CPU.Build.0 = Release|Any CPU
		{FEB58E17-C18F-47B7-82AF-20ABAD7A3BEA}.Debug|Any CPU.ActiveCfg = Debug|Any CPU
		{FEB58E17-C18F-47B7-82AF-20ABAD7A3BEA}.Debug|Any CPU.Build.0 = Debug|Any CPU
		{FEB58E17-C18F-47B7-82AF-20ABAD7A3BEA}.Release|Any CPU.ActiveCfg = Release|Any CPU
		{FEB58E17-C18F-47B7-82AF-20ABAD7A3BEA}.Release|Any CPU.Build.0 = Release|Any CPU
		{49B3B0E2-7812-42FD-B4D4-3B3AD8A83324}.Debug|Any CPU.ActiveCfg = Debug|Any CPU
		{49B3B0E2-7812-42FD-B4D4-3B3AD8A83324}.Debug|Any CPU.Build.0 = Debug|Any CPU
		{49B3B0E2-7812-42FD-B4D4-3B3AD8A83324}.Release|Any CPU.ActiveCfg = Release|Any CPU
		{49B3B0E2-7812-42FD-B4D4-3B3AD8A83324}.Release|Any CPU.Build.0 = Release|Any CPU
		{72FBE612-F358-4D7A-A704-4248C0F30DF2}.Debug|Any CPU.ActiveCfg = Debug|Any CPU
		{72FBE612-F358-4D7A-A704-4248C0F30DF2}.Debug|Any CPU.Build.0 = Debug|Any CPU
		{72FBE612-F358-4D7A-A704-4248C0F30DF2}.Release|Any CPU.ActiveCfg = Release|Any CPU
		{72FBE612-F358-4D7A-A704-4248C0F30DF2}.Release|Any CPU.Build.0 = Release|Any CPU
		{A112B94C-5F39-4C83-BBBE-5DCE62FD7F79}.Debug|Any CPU.ActiveCfg = Debug|Any CPU
		{A112B94C-5F39-4C83-BBBE-5DCE62FD7F79}.Debug|Any CPU.Build.0 = Debug|Any CPU
		{A112B94C-5F39-4C83-BBBE-5DCE62FD7F79}.Release|Any CPU.ActiveCfg = Release|Any CPU
		{A112B94C-5F39-4C83-BBBE-5DCE62FD7F79}.Release|Any CPU.Build.0 = Release|Any CPU
		{C1D06FA6-9A74-4DD8-BB16-9FED7C4D83B2}.Debug|Any CPU.ActiveCfg = Debug|Any CPU
		{C1D06FA6-9A74-4DD8-BB16-9FED7C4D83B2}.Debug|Any CPU.Build.0 = Debug|Any CPU
		{C1D06FA6-9A74-4DD8-BB16-9FED7C4D83B2}.Release|Any CPU.ActiveCfg = Release|Any CPU
		{C1D06FA6-9A74-4DD8-BB16-9FED7C4D83B2}.Release|Any CPU.Build.0 = Release|Any CPU
	EndGlobalSection
	GlobalSection(SolutionProperties) = preSolution
		HideSolutionNode = FALSE
	EndGlobalSection
	GlobalSection(ExtensibilityGlobals) = postSolution
		SolutionGuid = {9BB26D9B-E2B7-4AE0-AB19-7B11285DCA1B}
	EndGlobalSection
EndGlobal
